
Microsoft Visual Studio Solution File, Format Version 12.00
# Visual Studio Version 17
VisualStudioVersion = 17.8.34330.188
MinimumVisualStudioVersion = 10.0.40219.1
Project("{FAE04EC0-301F-11D3-BF4B-00C04F79EFBC}") = "testnetapplication", "testnetapplication\testnetapplication.csproj", "{0E4F23CE-3B78-4893-8BDD-253DDFF447A2}"
EndProject
Global
	GlobalSection(SolutionConfigurationPlatforms) = preSolution
		Debug|Any CPU = Debug|Any CPU
		Release|Any CPU = Release|Any CPU
	EndGlobalSection
	GlobalSection(ProjectConfigurationPlatforms) = postSolution
		{0E4F23CE-3B78-4893-8BDD-253DDFF447A2}.Debug|Any CPU.ActiveCfg = Debug|Any CPU
		{0E4F23CE-3B78-4893-8BDD-253DDFF447A2}.Debug|Any CPU.Build.0 = Debug|Any CPU
		{0E4F23CE-3B78-4893-8BDD-253DDFF447A2}.Release|Any CPU.ActiveCfg = Release|Any CPU
		{0E4F23CE-3B78-4893-8BDD-253DDFF447A2}.Release|Any CPU.Build.0 = Release|Any CPU
	EndGlobalSection
	GlobalSection(SolutionProperties) = preSolution
		HideSolutionNode = FALSE
	EndGlobalSection
	GlobalSection(ExtensibilityGlobals) = postSolution
		SolutionGuid = {0C86C0A4-C437-4261-9D91-E8D89FB9B927}
	EndGlobalSection
EndGlobal
